// !$*UTF8*$!
{
	archiveVersion = 1;
	classes = {
	};
	objectVersion = 51;
	objects = {

/* Begin PBXBuildFile section */
		3D30E2B884A914A5BDD80210 /* Pods_ios_nodejs_examproject.framework in Frameworks */ = {isa = PBXBuildFile; fileRef = 1B0C481666DD88E987E1D714 /* Pods_ios_nodejs_examproject.framework */; };
		F78463A8249595650069CE87 /* AppDelegate.swift in Sources */ = {isa = PBXBuildFile; fileRef = F78463A7249595650069CE87 /* AppDelegate.swift */; };
		F78463AA249595650069CE87 /* SceneDelegate.swift in Sources */ = {isa = PBXBuildFile; fileRef = F78463A9249595650069CE87 /* SceneDelegate.swift */; };
		F78463AC249595650069CE87 /* WelcomePageViewController.swift in Sources */ = {isa = PBXBuildFile; fileRef = F78463AB249595650069CE87 /* WelcomePageViewController.swift */; };
		F78463AE249595650069CE87 /* GoSailingViewController.swift in Sources */ = {isa = PBXBuildFile; fileRef = F78463AD249595650069CE87 /* GoSailingViewController.swift */; };
		F78463B1249595650069CE87 /* Main.storyboard in Resources */ = {isa = PBXBuildFile; fileRef = F78463AF249595650069CE87 /* Main.storyboard */; };
		F78463B4249595650069CE87 /* ios_nodejs_examproject.xcdatamodeld in Sources */ = {isa = PBXBuildFile; fileRef = F78463B2249595650069CE87 /* ios_nodejs_examproject.xcdatamodeld */; };
		F78463B62495956B0069CE87 /* Assets.xcassets in Resources */ = {isa = PBXBuildFile; fileRef = F78463B52495956B0069CE87 /* Assets.xcassets */; };
		F78463B92495956B0069CE87 /* LaunchScreen.storyboard in Resources */ = {isa = PBXBuildFile; fileRef = F78463B72495956B0069CE87 /* LaunchScreen.storyboard */; };
		F7AFDC9A24A7FD3200AC627B /* Login.swift in Sources */ = {isa = PBXBuildFile; fileRef = F7AFDC9924A7FD3200AC627B /* Login.swift */; };
		F7AFDCA224A83DD300AC627B /* FacebookManager.swift in Sources */ = {isa = PBXBuildFile; fileRef = F7AFDCA124A83DD300AC627B /* FacebookManager.swift */; };
		F7AFDCA424A83E1C00AC627B /* FirebaseManager.swift in Sources */ = {isa = PBXBuildFile; fileRef = F7AFDCA324A83E1C00AC627B /* FirebaseManager.swift */; };
		F7AFDCA924A8439D00AC627B /* GoogleService-Info.plist in Resources */ = {isa = PBXBuildFile; fileRef = F7AFDCA824A8439D00AC627B /* GoogleService-Info.plist */; };
		F7AFDCAB24A8D1D100AC627B /* TabBarViewController.swift in Sources */ = {isa = PBXBuildFile; fileRef = F7AFDCAA24A8D1D100AC627B /* TabBarViewController.swift */; };
/* End PBXBuildFile section */

/* Begin PBXFileReference section */
		1B0C481666DD88E987E1D714 /* Pods_ios_nodejs_examproject.framework */ = {isa = PBXFileReference; explicitFileType = wrapper.framework; includeInIndex = 0; path = Pods_ios_nodejs_examproject.framework; sourceTree = BUILT_PRODUCTS_DIR; };
		2DB03FD47C86BFCD87AAB3F0 /* Pods-ios_nodejs_examproject.release.xcconfig */ = {isa = PBXFileReference; includeInIndex = 1; lastKnownFileType = text.xcconfig; name = "Pods-ios_nodejs_examproject.release.xcconfig"; path = "Target Support Files/Pods-ios_nodejs_examproject/Pods-ios_nodejs_examproject.release.xcconfig"; sourceTree = "<group>"; };
		97007D229574E49A9A288DFD /* Pods-ios_nodejs_examproject.debug.xcconfig */ = {isa = PBXFileReference; includeInIndex = 1; lastKnownFileType = text.xcconfig; name = "Pods-ios_nodejs_examproject.debug.xcconfig"; path = "Target Support Files/Pods-ios_nodejs_examproject/Pods-ios_nodejs_examproject.debug.xcconfig"; sourceTree = "<group>"; };
		F78463A4249595650069CE87 /* ios_nodejs_examproject.app */ = {isa = PBXFileReference; explicitFileType = wrapper.application; includeInIndex = 0; path = ios_nodejs_examproject.app; sourceTree = BUILT_PRODUCTS_DIR; };
		F78463A7249595650069CE87 /* AppDelegate.swift */ = {isa = PBXFileReference; lastKnownFileType = sourcecode.swift; path = AppDelegate.swift; sourceTree = "<group>"; };
		F78463A9249595650069CE87 /* SceneDelegate.swift */ = {isa = PBXFileReference; lastKnownFileType = sourcecode.swift; path = SceneDelegate.swift; sourceTree = "<group>"; };
		F78463AB249595650069CE87 /* WelcomePageViewController.swift */ = {isa = PBXFileReference; lastKnownFileType = sourcecode.swift; path = WelcomePageViewController.swift; sourceTree = "<group>"; };
		F78463AD249595650069CE87 /* GoSailingViewController.swift */ = {isa = PBXFileReference; lastKnownFileType = sourcecode.swift; path = GoSailingViewController.swift; sourceTree = "<group>"; };
		F78463B0249595650069CE87 /* Base */ = {isa = PBXFileReference; lastKnownFileType = file.storyboard; name = Base; path = Base.lproj/Main.storyboard; sourceTree = "<group>"; };
		F78463B3249595650069CE87 /* ios_nodejs_examproject.xcdatamodel */ = {isa = PBXFileReference; lastKnownFileType = wrapper.xcdatamodel; path = ios_nodejs_examproject.xcdatamodel; sourceTree = "<group>"; };
		F78463B52495956B0069CE87 /* Assets.xcassets */ = {isa = PBXFileReference; lastKnownFileType = folder.assetcatalog; path = Assets.xcassets; sourceTree = "<group>"; };
		F78463B82495956B0069CE87 /* Base */ = {isa = PBXFileReference; lastKnownFileType = file.storyboard; name = Base; path = Base.lproj/LaunchScreen.storyboard; sourceTree = "<group>"; };
		F78463BA2495956B0069CE87 /* Info.plist */ = {isa = PBXFileReference; lastKnownFileType = text.plist.xml; path = Info.plist; sourceTree = "<group>"; };
		F7AFDC9924A7FD3200AC627B /* Login.swift */ = {isa = PBXFileReference; lastKnownFileType = sourcecode.swift; path = Login.swift; sourceTree = "<group>"; };
		F7AFDCA124A83DD300AC627B /* FacebookManager.swift */ = {isa = PBXFileReference; fileEncoding = 4; lastKnownFileType = sourcecode.swift; path = FacebookManager.swift; sourceTree = "<group>"; };
		F7AFDCA324A83E1C00AC627B /* FirebaseManager.swift */ = {isa = PBXFileReference; fileEncoding = 4; lastKnownFileType = sourcecode.swift; path = FirebaseManager.swift; sourceTree = "<group>"; };
		F7AFDCA824A8439D00AC627B /* GoogleService-Info.plist */ = {isa = PBXFileReference; lastKnownFileType = text.plist.xml; path = "GoogleService-Info.plist"; sourceTree = "<group>"; };
		F7AFDCAA24A8D1D100AC627B /* TabBarViewController.swift */ = {isa = PBXFileReference; lastKnownFileType = sourcecode.swift; path = TabBarViewController.swift; sourceTree = "<group>"; };
/* End PBXFileReference section */

/* Begin PBXFrameworksBuildPhase section */
		F78463A1249595650069CE87 /* Frameworks */ = {
			isa = PBXFrameworksBuildPhase;
			buildActionMask = 2147483647;
			files = (
				3D30E2B884A914A5BDD80210 /* Pods_ios_nodejs_examproject.framework in Frameworks */,
			);
			runOnlyForDeploymentPostprocessing = 0;
		};
/* End PBXFrameworksBuildPhase section */

/* Begin PBXGroup section */
		0DBBB22F8AC1C77DE0F86F48 /* Frameworks */ = {
			isa = PBXGroup;
			children = (
				1B0C481666DD88E987E1D714 /* Pods_ios_nodejs_examproject.framework */,
			);
			name = Frameworks;
			sourceTree = "<group>";
		};
		ADF5EA5EC9EDD89CF84BD50B /* Pods */ = {
			isa = PBXGroup;
			children = (
				97007D229574E49A9A288DFD /* Pods-ios_nodejs_examproject.debug.xcconfig */,
				2DB03FD47C86BFCD87AAB3F0 /* Pods-ios_nodejs_examproject.release.xcconfig */,
			);
			path = Pods;
			sourceTree = "<group>";
		};
		F784639B249595650069CE87 = {
			isa = PBXGroup;
			children = (
				F78463A6249595650069CE87 /* ios_nodejs_examproject */,
				F78463A5249595650069CE87 /* Products */,
				ADF5EA5EC9EDD89CF84BD50B /* Pods */,
				0DBBB22F8AC1C77DE0F86F48 /* Frameworks */,
			);
			sourceTree = "<group>";
		};
		F78463A5249595650069CE87 /* Products */ = {
			isa = PBXGroup;
			children = (
				F78463A4249595650069CE87 /* ios_nodejs_examproject.app */,
			);
			name = Products;
			sourceTree = "<group>";
		};
		F78463A6249595650069CE87 /* ios_nodejs_examproject */ = {
			isa = PBXGroup;
			children = (
				F7AFDCA524A840E300AC627B /* Auth */,
				F78463A7249595650069CE87 /* AppDelegate.swift */,
				F78463A9249595650069CE87 /* SceneDelegate.swift */,
				F78463AB249595650069CE87 /* WelcomePageViewController.swift */,
				F7AFDC9924A7FD3200AC627B /* Login.swift */,
				F78463AD249595650069CE87 /* GoSailingViewController.swift */,
				F78463AF249595650069CE87 /* Main.storyboard */,
				F7AFDCAA24A8D1D100AC627B /* TabBarViewController.swift */,
				F78463B52495956B0069CE87 /* Assets.xcassets */,
				F78463B72495956B0069CE87 /* LaunchScreen.storyboard */,
				F78463BA2495956B0069CE87 /* Info.plist */,
				F7AFDCA824A8439D00AC627B /* GoogleService-Info.plist */,
				F78463B2249595650069CE87 /* ios_nodejs_examproject.xcdatamodeld */,
			);
			path = ios_nodejs_examproject;
			sourceTree = "<group>";
		};
		F7AFDCA524A840E300AC627B /* Auth */ = {
			isa = PBXGroup;
			children = (
				F7AFDCA324A83E1C00AC627B /* FirebaseManager.swift */,
				F7AFDCA124A83DD300AC627B /* FacebookManager.swift */,
			);
			path = Auth;
			sourceTree = "<group>";
		};
/* End PBXGroup section */

/* Begin PBXNativeTarget section */
		F78463A3249595650069CE87 /* ios_nodejs_examproject */ = {
			isa = PBXNativeTarget;
			buildConfigurationList = F78463BD2495956B0069CE87 /* Build configuration list for PBXNativeTarget "ios_nodejs_examproject" */;
			buildPhases = (
				E0D4B9AB26E68C2F8A61F06C /* [CP] Check Pods Manifest.lock */,
				F78463A0249595650069CE87 /* Sources */,
				F78463A1249595650069CE87 /* Frameworks */,
				F78463A2249595650069CE87 /* Resources */,
				3AF540A694FB991ED9064863 /* [CP] Embed Pods Frameworks */,
			);
			buildRules = (
			);
			dependencies = (
			);
			name = ios_nodejs_examproject;
			productName = ios_nodejs_examproject;
			productReference = F78463A4249595650069CE87 /* ios_nodejs_examproject.app */;
			productType = "com.apple.product-type.application";
		};
/* End PBXNativeTarget section */

/* Begin PBXProject section */
		F784639C249595650069CE87 /* Project object */ = {
			isa = PBXProject;
			attributes = {
				LastSwiftUpdateCheck = 1140;
				LastUpgradeCheck = 1140;
				ORGANIZATIONNAME = "Philip Barkow";
				TargetAttributes = {
					F78463A3249595650069CE87 = {
						CreatedOnToolsVersion = 11.4.1;
					};
				};
			};
			buildConfigurationList = F784639F249595650069CE87 /* Build configuration list for PBXProject "ios_nodejs_examproject" */;
			compatibilityVersion = "Xcode 9.3";
			developmentRegion = en;
			hasScannedForEncodings = 0;
			knownRegions = (
				en,
				Base,
			);
			mainGroup = F784639B249595650069CE87;
			productRefGroup = F78463A5249595650069CE87 /* Products */;
			projectDirPath = "";
			projectRoot = "";
			targets = (
				F78463A3249595650069CE87 /* ios_nodejs_examproject */,
			);
		};
/* End PBXProject section */

/* Begin PBXResourcesBuildPhase section */
		F78463A2249595650069CE87 /* Resources */ = {
			isa = PBXResourcesBuildPhase;
			buildActionMask = 2147483647;
			files = (
				F78463B92495956B0069CE87 /* LaunchScreen.storyboard in Resources */,
				F78463B62495956B0069CE87 /* Assets.xcassets in Resources */,
				F7AFDCA924A8439D00AC627B /* GoogleService-Info.plist in Resources */,
				F78463B1249595650069CE87 /* Main.storyboard in Resources */,
			);
			runOnlyForDeploymentPostprocessing = 0;
		};
/* End PBXResourcesBuildPhase section */

/* Begin PBXShellScriptBuildPhase section */
		3AF540A694FB991ED9064863 /* [CP] Embed Pods Frameworks */ = {
			isa = PBXShellScriptBuildPhase;
			buildActionMask = 2147483647;
			files = (
			);
			inputFileListPaths = (
				"${PODS_ROOT}/Target Support Files/Pods-ios_nodejs_examproject/Pods-ios_nodejs_examproject-frameworks-${CONFIGURATION}-input-files.xcfilelist",
			);
			name = "[CP] Embed Pods Frameworks";
			outputFileListPaths = (
				"${PODS_ROOT}/Target Support Files/Pods-ios_nodejs_examproject/Pods-ios_nodejs_examproject-frameworks-${CONFIGURATION}-output-files.xcfilelist",
			);
			runOnlyForDeploymentPostprocessing = 0;
			shellPath = /bin/sh;
			shellScript = "\"${PODS_ROOT}/Target Support Files/Pods-ios_nodejs_examproject/Pods-ios_nodejs_examproject-frameworks.sh\"\n";
			showEnvVarsInLog = 0;
		};
		E0D4B9AB26E68C2F8A61F06C /* [CP] Check Pods Manifest.lock */ = {
			isa = PBXShellScriptBuildPhase;
			buildActionMask = 2147483647;
			files = (
			);
			inputFileListPaths = (
			);
			inputPaths = (
				"${PODS_PODFILE_DIR_PATH}/Podfile.lock",
				"${PODS_ROOT}/Manifest.lock",
			);
			name = "[CP] Check Pods Manifest.lock";
			outputFileListPaths = (
			);
			outputPaths = (
				"$(DERIVED_FILE_DIR)/Pods-ios_nodejs_examproject-checkManifestLockResult.txt",
			);
			runOnlyForDeploymentPostprocessing = 0;
			shellPath = /bin/sh;
			shellScript = "diff \"${PODS_PODFILE_DIR_PATH}/Podfile.lock\" \"${PODS_ROOT}/Manifest.lock\" > /dev/null\nif [ $? != 0 ] ; then\n    # print error to STDERR\n    echo \"error: The sandbox is not in sync with the Podfile.lock. Run 'pod install' or update your CocoaPods installation.\" >&2\n    exit 1\nfi\n# This output is used by Xcode 'outputs' to avoid re-running this script phase.\necho \"SUCCESS\" > \"${SCRIPT_OUTPUT_FILE_0}\"\n";
			showEnvVarsInLog = 0;
		};
/* End PBXShellScriptBuildPhase section */

/* Begin PBXSourcesBuildPhase section */
		F78463A0249595650069CE87 /* Sources */ = {
			isa = PBXSourcesBuildPhase;
			buildActionMask = 2147483647;
			files = (
				F7AFDCA224A83DD300AC627B /* FacebookManager.swift in Sources */,
				F78463AE249595650069CE87 /* GoSailingViewController.swift in Sources */,
				F78463AC249595650069CE87 /* WelcomePageViewController.swift in Sources */,
				F78463A8249595650069CE87 /* AppDelegate.swift in Sources */,
				F7AFDCAB24A8D1D100AC627B /* TabBarViewController.swift in Sources */,
				F7AFDCA424A83E1C00AC627B /* FirebaseManager.swift in Sources */,
				F7AFDC9A24A7FD3200AC627B /* Login.swift in Sources */,
				F78463B4249595650069CE87 /* ios_nodejs_examproject.xcdatamodeld in Sources */,
				F78463AA249595650069CE87 /* SceneDelegate.swift in Sources */,
			);
			runOnlyForDeploymentPostprocessing = 0;
		};
/* End PBXSourcesBuildPhase section */

/* Begin PBXVariantGroup section */
		F78463AF249595650069CE87 /* Main.storyboard */ = {
			isa = PBXVariantGroup;
			children = (
				F78463B0249595650069CE87 /* Base */,
			);
			name = Main.storyboard;
			sourceTree = "<group>";
		};
		F78463B72495956B0069CE87 /* LaunchScreen.storyboard */ = {
			isa = PBXVariantGroup;
			children = (
				F78463B82495956B0069CE87 /* Base */,
			);
			name = LaunchScreen.storyboard;
			sourceTree = "<group>";
		};
/* End PBXVariantGroup section */

/* Begin XCBuildConfiguration section */
		F78463BB2495956B0069CE87 /* Debug */ = {
			isa = XCBuildConfiguration;
			buildSettings = {
				ALWAYS_SEARCH_USER_PATHS = NO;
				CLANG_ANALYZER_NONNULL = YES;
				CLANG_ANALYZER_NUMBER_OBJECT_CONVERSION = YES_AGGRESSIVE;
				CLANG_CXX_LANGUAGE_STANDARD = "gnu++14";
				CLANG_CXX_LIBRARY = "libc++";
				CLANG_ENABLE_MODULES = YES;
				CLANG_ENABLE_OBJC_ARC = YES;
				CLANG_ENABLE_OBJC_WEAK = YES;
				CLANG_WARN_BLOCK_CAPTURE_AUTORELEASING = YES;
				CLANG_WARN_BOOL_CONVERSION = YES;
				CLANG_WARN_COMMA = YES;
				CLANG_WARN_CONSTANT_CONVERSION = YES;
				CLANG_WARN_DEPRECATED_OBJC_IMPLEMENTATIONS = YES;
				CLANG_WARN_DIRECT_OBJC_ISA_USAGE = YES_ERROR;
				CLANG_WARN_DOCUMENTATION_COMMENTS = YES;
				CLANG_WARN_EMPTY_BODY = YES;
				CLANG_WARN_ENUM_CONVERSION = YES;
				CLANG_WARN_INFINITE_RECURSION = YES;
				CLANG_WARN_INT_CONVERSION = YES;
				CLANG_WARN_NON_LITERAL_NULL_CONVERSION = YES;
				CLANG_WARN_OBJC_IMPLICIT_RETAIN_SELF = YES;
				CLANG_WARN_OBJC_LITERAL_CONVERSION = YES;
				CLANG_WARN_OBJC_ROOT_CLASS = YES_ERROR;
				CLANG_WARN_RANGE_LOOP_ANALYSIS = YES;
				CLANG_WARN_STRICT_PROTOTYPES = YES;
				CLANG_WARN_SUSPICIOUS_MOVE = YES;
				CLANG_WARN_UNGUARDED_AVAILABILITY = YES_AGGRESSIVE;
				CLANG_WARN_UNREACHABLE_CODE = YES;
				CLANG_WARN__DUPLICATE_METHOD_MATCH = YES;
				COPY_PHASE_STRIP = NO;
				DEBUG_INFORMATION_FORMAT = dwarf;
				ENABLE_STRICT_OBJC_MSGSEND = YES;
				ENABLE_TESTABILITY = YES;
				GCC_C_LANGUAGE_STANDARD = gnu11;
				GCC_DYNAMIC_NO_PIC = NO;
				GCC_NO_COMMON_BLOCKS = YES;
				GCC_OPTIMIZATION_LEVEL = 0;
				GCC_PREPROCESSOR_DEFINITIONS = (
					"DEBUG=1",
					"$(inherited)",
				);
				GCC_WARN_64_TO_32_BIT_CONVERSION = YES;
				GCC_WARN_ABOUT_RETURN_TYPE = YES_ERROR;
				GCC_WARN_UNDECLARED_SELECTOR = YES;
				GCC_WARN_UNINITIALIZED_AUTOS = YES_AGGRESSIVE;
				GCC_WARN_UNUSED_FUNCTION = YES;
				GCC_WARN_UNUSED_VARIABLE = YES;
				IPHONEOS_DEPLOYMENT_TARGET = 13.4;
				MTL_ENABLE_DEBUG_INFO = INCLUDE_SOURCE;
				MTL_FAST_MATH = YES;
				ONLY_ACTIVE_ARCH = YES;
				SDKROOT = iphoneos;
				SWIFT_ACTIVE_COMPILATION_CONDITIONS = DEBUG;
				SWIFT_OPTIMIZATION_LEVEL = "-Onone";
			};
			name = Debug;
		};
		F78463BC2495956B0069CE87 /* Release */ = {
			isa = XCBuildConfiguration;
			buildSettings = {
				ALWAYS_SEARCH_USER_PATHS = NO;
				CLANG_ANALYZER_NONNULL = YES;
				CLANG_ANALYZER_NUMBER_OBJECT_CONVERSION = YES_AGGRESSIVE;
				CLANG_CXX_LANGUAGE_STANDARD = "gnu++14";
				CLANG_CXX_LIBRARY = "libc++";
				CLANG_ENABLE_MODULES = YES;
				CLANG_ENABLE_OBJC_ARC = YES;
				CLANG_ENABLE_OBJC_WEAK = YES;
				CLANG_WARN_BLOCK_CAPTURE_AUTORELEASING = YES;
				CLANG_WARN_BOOL_CONVERSION = YES;
				CLANG_WARN_COMMA = YES;
				CLANG_WARN_CONSTANT_CONVERSION = YES;
				CLANG_WARN_DEPRECATED_OBJC_IMPLEMENTATIONS = YES;
				CLANG_WARN_DIRECT_OBJC_ISA_USAGE = YES_ERROR;
				CLANG_WARN_DOCUMENTATION_COMMENTS = YES;
				CLANG_WARN_EMPTY_BODY = YES;
				CLANG_WARN_ENUM_CONVERSION = YES;
				CLANG_WARN_INFINITE_RECURSION = YES;
				CLANG_WARN_INT_CONVERSION = YES;
				CLANG_WARN_NON_LITERAL_NULL_CONVERSION = YES;
				CLANG_WARN_OBJC_IMPLICIT_RETAIN_SELF = YES;
				CLANG_WARN_OBJC_LITERAL_CONVERSION = YES;
				CLANG_WARN_OBJC_ROOT_CLASS = YES_ERROR;
				CLANG_WARN_RANGE_LOOP_ANALYSIS = YES;
				CLANG_WARN_STRICT_PROTOTYPES = YES;
				CLANG_WARN_SUSPICIOUS_MOVE = YES;
				CLANG_WARN_UNGUARDED_AVAILABILITY = YES_AGGRESSIVE;
				CLANG_WARN_UNREACHABLE_CODE = YES;
				CLANG_WARN__DUPLICATE_METHOD_MATCH = YES;
				COPY_PHASE_STRIP = NO;
				DEBUG_INFORMATION_FORMAT = "dwarf-with-dsym";
				ENABLE_NS_ASSERTIONS = NO;
				ENABLE_STRICT_OBJC_MSGSEND = YES;
				GCC_C_LANGUAGE_STANDARD = gnu11;
				GCC_NO_COMMON_BLOCKS = YES;
				GCC_WARN_64_TO_32_BIT_CONVERSION = YES;
				GCC_WARN_ABOUT_RETURN_TYPE = YES_ERROR;
				GCC_WARN_UNDECLARED_SELECTOR = YES;
				GCC_WARN_UNINITIALIZED_AUTOS = YES_AGGRESSIVE;
				GCC_WARN_UNUSED_FUNCTION = YES;
				GCC_WARN_UNUSED_VARIABLE = YES;
				IPHONEOS_DEPLOYMENT_TARGET = 13.4;
				MTL_ENABLE_DEBUG_INFO = NO;
				MTL_FAST_MATH = YES;
				SDKROOT = iphoneos;
				SWIFT_COMPILATION_MODE = wholemodule;
				SWIFT_OPTIMIZATION_LEVEL = "-O";
				VALIDATE_PRODUCT = YES;
			};
			name = Release;
		};
		F78463BE2495956B0069CE87 /* Debug */ = {
			isa = XCBuildConfiguration;
			baseConfigurationReference = 97007D229574E49A9A288DFD /* Pods-ios_nodejs_examproject.debug.xcconfig */;
			buildSettings = {
				ASSETCATALOG_COMPILER_APPICON_NAME = AppIcon;
				CODE_SIGN_STYLE = Automatic;
				DEVELOPMENT_TEAM = T3NF67V9Q7;
				INFOPLIST_FILE = ios_nodejs_examproject/Info.plist;
				LD_RUNPATH_SEARCH_PATHS = (
					"$(inherited)",
					"@executable_path/Frameworks",
				);
				PRODUCT_BUNDLE_IDENTIFIER = "philipbarkow.ios-nodejs-examproject";
				PRODUCT_NAME = "$(TARGET_NAME)";
				SWIFT_VERSION = 5.0;
				TARGETED_DEVICE_FAMILY = 1;
			};
			name = Debug;
		};
		F78463BF2495956B0069CE87 /* Release */ = {
			isa = XCBuildConfiguration;
			baseConfigurationReference = 2DB03FD47C86BFCD87AAB3F0 /* Pods-ios_nodejs_examproject.release.xcconfig */;
			buildSettings = {
				ASSETCATALOG_COMPILER_APPICON_NAME = AppIcon;
				CODE_SIGN_STYLE = Automatic;
				DEVELOPMENT_TEAM = T3NF67V9Q7;
				INFOPLIST_FILE = ios_nodejs_examproject/Info.plist;
				LD_RUNPATH_SEARCH_PATHS = (
					"$(inherited)",
					"@executable_path/Frameworks",
				);
				PRODUCT_BUNDLE_IDENTIFIER = "philipbarkow.ios-nodejs-examproject";
				PRODUCT_NAME = "$(TARGET_NAME)";
				SWIFT_VERSION = 5.0;
				TARGETED_DEVICE_FAMILY = 1;
			};
			name = Release;
		};
/* End XCBuildConfiguration section */

/* Begin XCConfigurationList section */
		F784639F249595650069CE87 /* Build configuration list for PBXProject "ios_nodejs_examproject" */ = {
			isa = XCConfigurationList;
			buildConfigurations = (
				F78463BB2495956B0069CE87 /* Debug */,
				F78463BC2495956B0069CE87 /* Release */,
			);
			defaultConfigurationIsVisible = 0;
			defaultConfigurationName = Release;
		};
		F78463BD2495956B0069CE87 /* Build configuration list for PBXNativeTarget "ios_nodejs_examproject" */ = {
			isa = XCConfigurationList;
			buildConfigurations = (
				F78463BE2495956B0069CE87 /* Debug */,
				F78463BF2495956B0069CE87 /* Release */,
			);
			defaultConfigurationIsVisible = 0;
			defaultConfigurationName = Release;
		};
/* End XCConfigurationList section */

/* Begin XCVersionGroup section */
		F78463B2249595650069CE87 /* ios_nodejs_examproject.xcdatamodeld */ = {
			isa = XCVersionGroup;
			children = (
				F78463B3249595650069CE87 /* ios_nodejs_examproject.xcdatamodel */,
			);
			currentVersion = F78463B3249595650069CE87 /* ios_nodejs_examproject.xcdatamodel */;
			path = ios_nodejs_examproject.xcdatamodeld;
			sourceTree = "<group>";
			versionGroupType = wrapper.xcdatamodel;
		};
/* End XCVersionGroup section */
	};
	rootObject = F784639C249595650069CE87 /* Project object */;
}
