// !$*UTF8*$!
{
	archiveVersion = 1;
	classes = {
	};
	objectVersion = 51;
	objects = {

/* Begin PBXBuildFile section */
		A61AFAD3B3199A16EE2D9E56 /* Pods_FacebookLoginApp.framework in Frameworks */ = {isa = PBXBuildFile; fileRef = 41FCDB41D5B9E51A3A208E79 /* Pods_FacebookLoginApp.framework */; };
		F719854724372BE400F4EE78 /* FirebaseManager.swift in Sources */ = {isa = PBXBuildFile; fileRef = F719854624372BE400F4EE78 /* FirebaseManager.swift */; };
		F71985492437596F00F4EE78 /* FacebookManager.swift in Sources */ = {isa = PBXBuildFile; fileRef = F71985482437596F00F4EE78 /* FacebookManager.swift */; };
		F7E47AE72437157E009BDEF8 /* AppDelegate.swift in Sources */ = {isa = PBXBuildFile; fileRef = F7E47AE62437157E009BDEF8 /* AppDelegate.swift */; };
		F7E47AE92437157E009BDEF8 /* SceneDelegate.swift in Sources */ = {isa = PBXBuildFile; fileRef = F7E47AE82437157E009BDEF8 /* SceneDelegate.swift */; };
		F7E47AEB2437157E009BDEF8 /* ViewController.swift in Sources */ = {isa = PBXBuildFile; fileRef = F7E47AEA2437157E009BDEF8 /* ViewController.swift */; };
		F7E47AEE2437157E009BDEF8 /* Main.storyboard in Resources */ = {isa = PBXBuildFile; fileRef = F7E47AEC2437157E009BDEF8 /* Main.storyboard */; };
		F7E47AF024371584009BDEF8 /* Assets.xcassets in Resources */ = {isa = PBXBuildFile; fileRef = F7E47AEF24371584009BDEF8 /* Assets.xcassets */; };
		F7E47AF324371584009BDEF8 /* LaunchScreen.storyboard in Resources */ = {isa = PBXBuildFile; fileRef = F7E47AF124371584009BDEF8 /* LaunchScreen.storyboard */; };
		F7E47AFB24371932009BDEF8 /* GoogleService-Info.plist in Resources */ = {isa = PBXBuildFile; fileRef = F7E47AFA24371932009BDEF8 /* GoogleService-Info.plist */; };
/* End PBXBuildFile section */

/* Begin PBXFileReference section */
		41FCDB41D5B9E51A3A208E79 /* Pods_FacebookLoginApp.framework */ = {isa = PBXFileReference; explicitFileType = wrapper.framework; includeInIndex = 0; path = Pods_FacebookLoginApp.framework; sourceTree = BUILT_PRODUCTS_DIR; };
		5A00097FCDD9515130BF4403 /* Pods-FacebookLoginApp.release.xcconfig */ = {isa = PBXFileReference; includeInIndex = 1; lastKnownFileType = text.xcconfig; name = "Pods-FacebookLoginApp.release.xcconfig"; path = "Target Support Files/Pods-FacebookLoginApp/Pods-FacebookLoginApp.release.xcconfig"; sourceTree = "<group>"; };
		F719854624372BE400F4EE78 /* FirebaseManager.swift */ = {isa = PBXFileReference; lastKnownFileType = sourcecode.swift; path = FirebaseManager.swift; sourceTree = "<group>"; };
		F71985482437596F00F4EE78 /* FacebookManager.swift */ = {isa = PBXFileReference; lastKnownFileType = sourcecode.swift; path = FacebookManager.swift; sourceTree = "<group>"; };
		F7E47AE32437157E009BDEF8 /* FacebookLoginApp.app */ = {isa = PBXFileReference; explicitFileType = wrapper.application; includeInIndex = 0; path = FacebookLoginApp.app; sourceTree = BUILT_PRODUCTS_DIR; };
		F7E47AE62437157E009BDEF8 /* AppDelegate.swift */ = {isa = PBXFileReference; lastKnownFileType = sourcecode.swift; path = AppDelegate.swift; sourceTree = "<group>"; };
		F7E47AE82437157E009BDEF8 /* SceneDelegate.swift */ = {isa = PBXFileReference; lastKnownFileType = sourcecode.swift; path = SceneDelegate.swift; sourceTree = "<group>"; };
		F7E47AEA2437157E009BDEF8 /* ViewController.swift */ = {isa = PBXFileReference; lastKnownFileType = sourcecode.swift; path = ViewController.swift; sourceTree = "<group>"; };
		F7E47AED2437157E009BDEF8 /* Base */ = {isa = PBXFileReference; lastKnownFileType = file.storyboard; name = Base; path = Base.lproj/Main.storyboard; sourceTree = "<group>"; };
		F7E47AEF24371584009BDEF8 /* Assets.xcassets */ = {isa = PBXFileReference; lastKnownFileType = folder.assetcatalog; path = Assets.xcassets; sourceTree = "<group>"; };
		F7E47AF224371584009BDEF8 /* Base */ = {isa = PBXFileReference; lastKnownFileType = file.storyboard; name = Base; path = Base.lproj/LaunchScreen.storyboard; sourceTree = "<group>"; };
		F7E47AF424371584009BDEF8 /* Info.plist */ = {isa = PBXFileReference; lastKnownFileType = text.plist.xml; path = Info.plist; sourceTree = "<group>"; };
		F7E47AFA24371932009BDEF8 /* GoogleService-Info.plist */ = {isa = PBXFileReference; fileEncoding = 4; lastKnownFileType = text.plist.xml; path = "GoogleService-Info.plist"; sourceTree = "<group>"; };
		FFC0C412AEA3411F67288D85 /* Pods-FacebookLoginApp.debug.xcconfig */ = {isa = PBXFileReference; includeInIndex = 1; lastKnownFileType = text.xcconfig; name = "Pods-FacebookLoginApp.debug.xcconfig"; path = "Target Support Files/Pods-FacebookLoginApp/Pods-FacebookLoginApp.debug.xcconfig"; sourceTree = "<group>"; };
/* End PBXFileReference section */

/* Begin PBXFrameworksBuildPhase section */
		F7E47AE02437157E009BDEF8 /* Frameworks */ = {
			isa = PBXFrameworksBuildPhase;
			buildActionMask = 2147483647;
			files = (
				A61AFAD3B3199A16EE2D9E56 /* Pods_FacebookLoginApp.framework in Frameworks */,
			);
			runOnlyForDeploymentPostprocessing = 0;
		};
/* End PBXFrameworksBuildPhase section */

/* Begin PBXGroup section */
		60BBFA19C03945257F836C51 /* Pods */ = {
			isa = PBXGroup;
			children = (
				FFC0C412AEA3411F67288D85 /* Pods-FacebookLoginApp.debug.xcconfig */,
				5A00097FCDD9515130BF4403 /* Pods-FacebookLoginApp.release.xcconfig */,
			);
			path = Pods;
			sourceTree = "<group>";
		};
		88943FD455B6E4DEEF6F6A15 /* Frameworks */ = {
			isa = PBXGroup;
			children = (
				41FCDB41D5B9E51A3A208E79 /* Pods_FacebookLoginApp.framework */,
			);
			name = Frameworks;
			sourceTree = "<group>";
		};
		F719854524372BCC00F4EE78 /* auth */ = {
			isa = PBXGroup;
			children = (
				F719854624372BE400F4EE78 /* FirebaseManager.swift */,
				F71985482437596F00F4EE78 /* FacebookManager.swift */,
			);
			path = auth;
			sourceTree = "<group>";
		};
		F7E47ADA2437157E009BDEF8 = {
			isa = PBXGroup;
			children = (
				F7E47AE52437157E009BDEF8 /* FacebookLoginApp */,
				F7E47AE42437157E009BDEF8 /* Products */,
				60BBFA19C03945257F836C51 /* Pods */,
				88943FD455B6E4DEEF6F6A15 /* Frameworks */,
			);
			sourceTree = "<group>";
		};
		F7E47AE42437157E009BDEF8 /* Products */ = {
			isa = PBXGroup;
			children = (
				F7E47AE32437157E009BDEF8 /* FacebookLoginApp.app */,
			);
			name = Products;
			sourceTree = "<group>";
		};
		F7E47AE52437157E009BDEF8 /* FacebookLoginApp */ = {
			isa = PBXGroup;
			children = (
				F719854524372BCC00F4EE78 /* auth */,
				F7E47AE62437157E009BDEF8 /* AppDelegate.swift */,
				F7E47AE82437157E009BDEF8 /* SceneDelegate.swift */,
				F7E47AEA2437157E009BDEF8 /* ViewController.swift */,
				F7E47AEC2437157E009BDEF8 /* Main.storyboard */,
				F7E47AEF24371584009BDEF8 /* Assets.xcassets */,
				F7E47AF124371584009BDEF8 /* LaunchScreen.storyboard */,
				F7E47AF424371584009BDEF8 /* Info.plist */,
				F7E47AFA24371932009BDEF8 /* GoogleService-Info.plist */,
			);
			path = FacebookLoginApp;
			sourceTree = "<group>";
		};
/* End PBXGroup section */

/* Begin PBXNativeTarget section */
		F7E47AE22437157E009BDEF8 /* FacebookLoginApp */ = {
			isa = PBXNativeTarget;
			buildConfigurationList = F7E47AF724371584009BDEF8 /* Build configuration list for PBXNativeTarget "FacebookLoginApp" */;
			buildPhases = (
				32AEBFFAEEF6FF628451EB83 /* [CP] Check Pods Manifest.lock */,
				F7E47ADF2437157E009BDEF8 /* Sources */,
				F7E47AE02437157E009BDEF8 /* Frameworks */,
				F7E47AE12437157E009BDEF8 /* Resources */,
				EC3B870A19C74526461E466B /* [CP] Embed Pods Frameworks */,
			);
			buildRules = (
			);
			dependencies = (
			);
			name = FacebookLoginApp;
			productName = FacebookLoginApp;
			productReference = F7E47AE32437157E009BDEF8 /* FacebookLoginApp.app */;
			productType = "com.apple.product-type.application";
		};
/* End PBXNativeTarget section */

/* Begin PBXProject section */
		F7E47ADB2437157E009BDEF8 /* Project object */ = {
			isa = PBXProject;
			attributes = {
				LastSwiftUpdateCheck = 1140;
				LastUpgradeCheck = 1140;
				ORGANIZATIONNAME = "Philip Barkow";
				TargetAttributes = {
					F7E47AE22437157E009BDEF8 = {
						CreatedOnToolsVersion = 11.4;
					};
				};
			};
			buildConfigurationList = F7E47ADE2437157E009BDEF8 /* Build configuration list for PBXProject "FacebookLoginApp" */;
			compatibilityVersion = "Xcode 9.3";
			developmentRegion = en;
			hasScannedForEncodings = 0;
			knownRegions = (
				en,
				Base,
			);
			mainGroup = F7E47ADA2437157E009BDEF8;
			productRefGroup = F7E47AE42437157E009BDEF8 /* Products */;
			projectDirPath = "";
			projectRoot = "";
			targets = (
				F7E47AE22437157E009BDEF8 /* FacebookLoginApp */,
			);
		};
/* End PBXProject section */

/* Begin PBXResourcesBuildPhase section */
		F7E47AE12437157E009BDEF8 /* Resources */ = {
			isa = PBXResourcesBuildPhase;
			buildActionMask = 2147483647;
			files = (
				F7E47AF324371584009BDEF8 /* LaunchScreen.storyboard in Resources */,
				F7E47AFB24371932009BDEF8 /* GoogleService-Info.plist in Resources */,
				F7E47AF024371584009BDEF8 /* Assets.xcassets in Resources */,
				F7E47AEE2437157E009BDEF8 /* Main.storyboard in Resources */,
			);
			runOnlyForDeploymentPostprocessing = 0;
		};
/* End PBXResourcesBuildPhase section */

/* Begin PBXShellScriptBuildPhase section */
		32AEBFFAEEF6FF628451EB83 /* [CP] Check Pods Manifest.lock */ = {
			isa = PBXShellScriptBuildPhase;
			buildActionMask = 2147483647;
			files = (
			);
			inputFileListPaths = (
			);
			inputPaths = (
				"${PODS_PODFILE_DIR_PATH}/Podfile.lock",
				"${PODS_ROOT}/Manifest.lock",
			);
			name = "[CP] Check Pods Manifest.lock";
			outputFileListPaths = (
			);
			outputPaths = (
				"$(DERIVED_FILE_DIR)/Pods-FacebookLoginApp-checkManifestLockResult.txt",
			);
			runOnlyForDeploymentPostprocessing = 0;
			shellPath = /bin/sh;
			shellScript = "diff \"${PODS_PODFILE_DIR_PATH}/Podfile.lock\" \"${PODS_ROOT}/Manifest.lock\" > /dev/null\nif [ $? != 0 ] ; then\n    # print error to STDERR\n    echo \"error: The sandbox is not in sync with the Podfile.lock. Run 'pod install' or update your CocoaPods installation.\" >&2\n    exit 1\nfi\n# This output is used by Xcode 'outputs' to avoid re-running this script phase.\necho \"SUCCESS\" > \"${SCRIPT_OUTPUT_FILE_0}\"\n";
			showEnvVarsInLog = 0;
		};
		EC3B870A19C74526461E466B /* [CP] Embed Pods Frameworks */ = {
			isa = PBXShellScriptBuildPhase;
			buildActionMask = 2147483647;
			files = (
			);
			inputFileListPaths = (
				"${PODS_ROOT}/Target Support Files/Pods-FacebookLoginApp/Pods-FacebookLoginApp-frameworks-${CONFIGURATION}-input-files.xcfilelist",
			);
			name = "[CP] Embed Pods Frameworks";
			outputFileListPaths = (
				"${PODS_ROOT}/Target Support Files/Pods-FacebookLoginApp/Pods-FacebookLoginApp-frameworks-${CONFIGURATION}-output-files.xcfilelist",
			);
			runOnlyForDeploymentPostprocessing = 0;
			shellPath = /bin/sh;
			shellScript = "\"${PODS_ROOT}/Target Support Files/Pods-FacebookLoginApp/Pods-FacebookLoginApp-frameworks.sh\"\n";
			showEnvVarsInLog = 0;
		};
/* End PBXShellScriptBuildPhase section */

/* Begin PBXSourcesBuildPhase section */
		F7E47ADF2437157E009BDEF8 /* Sources */ = {
			isa = PBXSourcesBuildPhase;
			buildActionMask = 2147483647;
			files = (
				F719854724372BE400F4EE78 /* FirebaseManager.swift in Sources */,
				F7E47AEB2437157E009BDEF8 /* ViewController.swift in Sources */,
				F71985492437596F00F4EE78 /* FacebookManager.swift in Sources */,
				F7E47AE72437157E009BDEF8 /* AppDelegate.swift in Sources */,
				F7E47AE92437157E009BDEF8 /* SceneDelegate.swift in Sources */,
			);
			runOnlyForDeploymentPostprocessing = 0;
		};
/* End PBXSourcesBuildPhase section */

/* Begin PBXVariantGroup section */
		F7E47AEC2437157E009BDEF8 /* Main.storyboard */ = {
			isa = PBXVariantGroup;
			children = (
				F7E47AED2437157E009BDEF8 /* Base */,
			);
			name = Main.storyboard;
			sourceTree = "<group>";
		};
		F7E47AF124371584009BDEF8 /* LaunchScreen.storyboard */ = {
			isa = PBXVariantGroup;
			children = (
				F7E47AF224371584009BDEF8 /* Base */,
			);
			name = LaunchScreen.storyboard;
			sourceTree = "<group>";
		};
/* End PBXVariantGroup section */

/* Begin XCBuildConfiguration section */
		F7E47AF524371584009BDEF8 /* Debug */ = {
			isa = XCBuildConfiguration;
			buildSettings = {
				ALWAYS_SEARCH_USER_PATHS = NO;
				CLANG_ANALYZER_NONNULL = YES;
				CLANG_ANALYZER_NUMBER_OBJECT_CONVERSION = YES_AGGRESSIVE;
				CLANG_CXX_LANGUAGE_STANDARD = "gnu++14";
				CLANG_CXX_LIBRARY = "libc++";
				CLANG_ENABLE_MODULES = YES;
				CLANG_ENABLE_OBJC_ARC = YES;
				CLANG_ENABLE_OBJC_WEAK = YES;
				CLANG_WARN_BLOCK_CAPTURE_AUTORELEASING = YES;
				CLANG_WARN_BOOL_CONVERSION = YES;
				CLANG_WARN_COMMA = YES;
				CLANG_WARN_CONSTANT_CONVERSION = YES;
				CLANG_WARN_DEPRECATED_OBJC_IMPLEMENTATIONS = YES;
				CLANG_WARN_DIRECT_OBJC_ISA_USAGE = YES_ERROR;
				CLANG_WARN_DOCUMENTATION_COMMENTS = YES;
				CLANG_WARN_EMPTY_BODY = YES;
				CLANG_WARN_ENUM_CONVERSION = YES;
				CLANG_WARN_INFINITE_RECURSION = YES;
				CLANG_WARN_INT_CONVERSION = YES;
				CLANG_WARN_NON_LITERAL_NULL_CONVERSION = YES;
				CLANG_WARN_OBJC_IMPLICIT_RETAIN_SELF = YES;
				CLANG_WARN_OBJC_LITERAL_CONVERSION = YES;
				CLANG_WARN_OBJC_ROOT_CLASS = YES_ERROR;
				CLANG_WARN_RANGE_LOOP_ANALYSIS = YES;
				CLANG_WARN_STRICT_PROTOTYPES = YES;
				CLANG_WARN_SUSPICIOUS_MOVE = YES;
				CLANG_WARN_UNGUARDED_AVAILABILITY = YES_AGGRESSIVE;
				CLANG_WARN_UNREACHABLE_CODE = YES;
				CLANG_WARN__DUPLICATE_METHOD_MATCH = YES;
				COPY_PHASE_STRIP = NO;
				DEBUG_INFORMATION_FORMAT = dwarf;
				ENABLE_STRICT_OBJC_MSGSEND = YES;
				ENABLE_TESTABILITY = YES;
				GCC_C_LANGUAGE_STANDARD = gnu11;
				GCC_DYNAMIC_NO_PIC = NO;
				GCC_NO_COMMON_BLOCKS = YES;
				GCC_OPTIMIZATION_LEVEL = 0;
				GCC_PREPROCESSOR_DEFINITIONS = (
					"DEBUG=1",
					"$(inherited)",
				);
				GCC_WARN_64_TO_32_BIT_CONVERSION = YES;
				GCC_WARN_ABOUT_RETURN_TYPE = YES_ERROR;
				GCC_WARN_UNDECLARED_SELECTOR = YES;
				GCC_WARN_UNINITIALIZED_AUTOS = YES_AGGRESSIVE;
				GCC_WARN_UNUSED_FUNCTION = YES;
				GCC_WARN_UNUSED_VARIABLE = YES;
				IPHONEOS_DEPLOYMENT_TARGET = 13.4;
				MTL_ENABLE_DEBUG_INFO = INCLUDE_SOURCE;
				MTL_FAST_MATH = YES;
				ONLY_ACTIVE_ARCH = YES;
				SDKROOT = iphoneos;
				SWIFT_ACTIVE_COMPILATION_CONDITIONS = DEBUG;
				SWIFT_OPTIMIZATION_LEVEL = "-Onone";
			};
			name = Debug;
		};
		F7E47AF624371584009BDEF8 /* Release */ = {
			isa = XCBuildConfiguration;
			buildSettings = {
				ALWAYS_SEARCH_USER_PATHS = NO;
				CLANG_ANALYZER_NONNULL = YES;
				CLANG_ANALYZER_NUMBER_OBJECT_CONVERSION = YES_AGGRESSIVE;
				CLANG_CXX_LANGUAGE_STANDARD = "gnu++14";
				CLANG_CXX_LIBRARY = "libc++";
				CLANG_ENABLE_MODULES = YES;
				CLANG_ENABLE_OBJC_ARC = YES;
				CLANG_ENABLE_OBJC_WEAK = YES;
				CLANG_WARN_BLOCK_CAPTURE_AUTORELEASING = YES;
				CLANG_WARN_BOOL_CONVERSION = YES;
				CLANG_WARN_COMMA = YES;
				CLANG_WARN_CONSTANT_CONVERSION = YES;
				CLANG_WARN_DEPRECATED_OBJC_IMPLEMENTATIONS = YES;
				CLANG_WARN_DIRECT_OBJC_ISA_USAGE = YES_ERROR;
				CLANG_WARN_DOCUMENTATION_COMMENTS = YES;
				CLANG_WARN_EMPTY_BODY = YES;
				CLANG_WARN_ENUM_CONVERSION = YES;
				CLANG_WARN_INFINITE_RECURSION = YES;
				CLANG_WARN_INT_CONVERSION = YES;
				CLANG_WARN_NON_LITERAL_NULL_CONVERSION = YES;
				CLANG_WARN_OBJC_IMPLICIT_RETAIN_SELF = YES;
				CLANG_WARN_OBJC_LITERAL_CONVERSION = YES;
				CLANG_WARN_OBJC_ROOT_CLASS = YES_ERROR;
				CLANG_WARN_RANGE_LOOP_ANALYSIS = YES;
				CLANG_WARN_STRICT_PROTOTYPES = YES;
				CLANG_WARN_SUSPICIOUS_MOVE = YES;
				CLANG_WARN_UNGUARDED_AVAILABILITY = YES_AGGRESSIVE;
				CLANG_WARN_UNREACHABLE_CODE = YES;
				CLANG_WARN__DUPLICATE_METHOD_MATCH = YES;
				COPY_PHASE_STRIP = NO;
				DEBUG_INFORMATION_FORMAT = "dwarf-with-dsym";
				ENABLE_NS_ASSERTIONS = NO;
				ENABLE_STRICT_OBJC_MSGSEND = YES;
				GCC_C_LANGUAGE_STANDARD = gnu11;
				GCC_NO_COMMON_BLOCKS = YES;
				GCC_WARN_64_TO_32_BIT_CONVERSION = YES;
				GCC_WARN_ABOUT_RETURN_TYPE = YES_ERROR;
				GCC_WARN_UNDECLARED_SELECTOR = YES;
				GCC_WARN_UNINITIALIZED_AUTOS = YES_AGGRESSIVE;
				GCC_WARN_UNUSED_FUNCTION = YES;
				GCC_WARN_UNUSED_VARIABLE = YES;
				IPHONEOS_DEPLOYMENT_TARGET = 13.4;
				MTL_ENABLE_DEBUG_INFO = NO;
				MTL_FAST_MATH = YES;
				SDKROOT = iphoneos;
				SWIFT_COMPILATION_MODE = wholemodule;
				SWIFT_OPTIMIZATION_LEVEL = "-O";
				VALIDATE_PRODUCT = YES;
			};
			name = Release;
		};
		F7E47AF824371584009BDEF8 /* Debug */ = {
			isa = XCBuildConfiguration;
			baseConfigurationReference = FFC0C412AEA3411F67288D85 /* Pods-FacebookLoginApp.debug.xcconfig */;
			buildSettings = {
				ASSETCATALOG_COMPILER_APPICON_NAME = AppIcon;
				CODE_SIGN_STYLE = Automatic;
				INFOPLIST_FILE = FacebookLoginApp/Info.plist;
				LD_RUNPATH_SEARCH_PATHS = (
					"$(inherited)",
					"@executable_path/Frameworks",
				);
				PRODUCT_BUNDLE_IDENTIFIER = philipbarkow.FacebookLoginApp;
				PRODUCT_NAME = "$(TARGET_NAME)";
				SWIFT_VERSION = 5.0;
				TARGETED_DEVICE_FAMILY = "1,2";
			};
			name = Debug;
		};
		F7E47AF924371584009BDEF8 /* Release */ = {
			isa = XCBuildConfiguration;
			baseConfigurationReference = 5A00097FCDD9515130BF4403 /* Pods-FacebookLoginApp.release.xcconfig */;
			buildSettings = {
				ASSETCATALOG_COMPILER_APPICON_NAME = AppIcon;
				CODE_SIGN_STYLE = Automatic;
				INFOPLIST_FILE = FacebookLoginApp/Info.plist;
				LD_RUNPATH_SEARCH_PATHS = (
					"$(inherited)",
					"@executable_path/Frameworks",
				);
				PRODUCT_BUNDLE_IDENTIFIER = philipbarkow.FacebookLoginApp;
				PRODUCT_NAME = "$(TARGET_NAME)";
				SWIFT_VERSION = 5.0;
				TARGETED_DEVICE_FAMILY = "1,2";
			};
			name = Release;
		};
/* End XCBuildConfiguration section */

/* Begin XCConfigurationList section */
		F7E47ADE2437157E009BDEF8 /* Build configuration list for PBXProject "FacebookLoginApp" */ = {
			isa = XCConfigurationList;
			buildConfigurations = (
				F7E47AF524371584009BDEF8 /* Debug */,
				F7E47AF624371584009BDEF8 /* Release */,
			);
			defaultConfigurationIsVisible = 0;
			defaultConfigurationName = Release;
		};
		F7E47AF724371584009BDEF8 /* Build configuration list for PBXNativeTarget "FacebookLoginApp" */ = {
			isa = XCConfigurationList;
			buildConfigurations = (
				F7E47AF824371584009BDEF8 /* Debug */,
				F7E47AF924371584009BDEF8 /* Release */,
			);
			defaultConfigurationIsVisible = 0;
			defaultConfigurationName = Release;
		};
/* End XCConfigurationList section */
	};
	rootObject = F7E47ADB2437157E009BDEF8 /* Project object */;
}
